
Microsoft Visual Studio Solution File, Format Version 11.00
# Visual Studio 2010
Project("{FAE04EC0-301F-11D3-BF4B-00C04F79EFBC}") = "Payroll_Management_System", "Payroll_Management_System\Payroll_Management_System.csproj", "{2D5B35E2-FCAB-4D4C-89F8-E66395ED16FF}"
EndProject
Global
	GlobalSection(SolutionConfigurationPlatforms) = preSolution
		Debug|x86 = Debug|x86
		Release|x86 = Release|x86
	EndGlobalSection
	GlobalSection(ProjectConfigurationPlatforms) = postSolution
		{2D5B35E2-FCAB-4D4C-89F8-E66395ED16FF}.Debug|x86.ActiveCfg = Debug|x86
		{2D5B35E2-FCAB-4D4C-89F8-E66395ED16FF}.Debug|x86.Build.0 = Debug|x86
		{2D5B35E2-FCAB-4D4C-89F8-E66395ED16FF}.Release|x86.ActiveCfg = Release|x86
		{2D5B35E2-FCAB-4D4C-89F8-E66395ED16FF}.Release|x86.Build.0 = Release|x86
	EndGlobalSection
	GlobalSection(SolutionProperties) = preSolution
		HideSolutionNode = FALSE
	EndGlobalSection
EndGlobal
